
Microsoft Visual Studio Solution File, Format Version 12.00
# Visual Studio Version 16
VisualStudioVersion = 16.0.29209.62
MinimumVisualStudioVersion = 10.0.40219.1
Project("{9A19103F-16F7-4668-BE54-9A1E7A4F7556}") = "take.webhook.api", "take.webhook.api\take.webhook.api.csproj", "{A9801602-77FE-441A-9E42-4B6F74F81A2D}"
EndProject
Project("{9A19103F-16F7-4668-BE54-9A1E7A4F7556}") = "take.webhook.core", "take.webhook.core\take.webhook.core.csproj", "{EAA271B9-CA7C-4B82-A18A-086240C2125F}"
EndProject
Project("{2150E333-8FDC-42A3-9474-1A3956D46DE8}") = "infrastructure", "infrastructure", "{9015A205-0727-4FD0-BA5F-34209BD7C830}"
EndProject
Project("{9A19103F-16F7-4668-BE54-9A1E7A4F7556}") = "take.webhook.repository", "take.webhook.repository\take.webhook.repository.csproj", "{01BF4908-DE5A-47BD-8518-00B48F0F7E48}"
EndProject
Project("{9A19103F-16F7-4668-BE54-9A1E7A4F7556}") = "take.webhook.business", "take.webhook.business\take.webhook.business.csproj", "{74170AE0-C136-4EBE-BC49-B035C9767580}"
EndProject
Project("{FAE04EC0-301F-11D3-BF4B-00C04F79EFBC}") = "take.webhook.entity", "take.webhook.entity\take.webhook.entity.csproj", "{8C8F7B8E-9130-41DC-BEBB-174365EF168F}"
EndProject
Global
	GlobalSection(SolutionConfigurationPlatforms) = preSolution
		Debug|Any CPU = Debug|Any CPU
		Release|Any CPU = Release|Any CPU
	EndGlobalSection
	GlobalSection(ProjectConfigurationPlatforms) = postSolution
		{A9801602-77FE-441A-9E42-4B6F74F81A2D}.Debug|Any CPU.ActiveCfg = Debug|Any CPU
		{A9801602-77FE-441A-9E42-4B6F74F81A2D}.Debug|Any CPU.Build.0 = Debug|Any CPU
		{A9801602-77FE-441A-9E42-4B6F74F81A2D}.Release|Any CPU.ActiveCfg = Release|Any CPU
		{A9801602-77FE-441A-9E42-4B6F74F81A2D}.Release|Any CPU.Build.0 = Release|Any CPU
		{EAA271B9-CA7C-4B82-A18A-086240C2125F}.Debug|Any CPU.ActiveCfg = Debug|Any CPU
		{EAA271B9-CA7C-4B82-A18A-086240C2125F}.Debug|Any CPU.Build.0 = Debug|Any CPU
		{EAA271B9-CA7C-4B82-A18A-086240C2125F}.Release|Any CPU.ActiveCfg = Release|Any CPU
		{EAA271B9-CA7C-4B82-A18A-086240C2125F}.Release|Any CPU.Build.0 = Release|Any CPU
		{01BF4908-DE5A-47BD-8518-00B48F0F7E48}.Debug|Any CPU.ActiveCfg = Debug|Any CPU
		{01BF4908-DE5A-47BD-8518-00B48F0F7E48}.Debug|Any CPU.Build.0 = Debug|Any CPU
		{01BF4908-DE5A-47BD-8518-00B48F0F7E48}.Release|Any CPU.ActiveCfg = Release|Any CPU
		{01BF4908-DE5A-47BD-8518-00B48F0F7E48}.Release|Any CPU.Build.0 = Release|Any CPU
		{74170AE0-C136-4EBE-BC49-B035C9767580}.Debug|Any CPU.ActiveCfg = Debug|Any CPU
		{74170AE0-C136-4EBE-BC49-B035C9767580}.Debug|Any CPU.Build.0 = Debug|Any CPU
		{74170AE0-C136-4EBE-BC49-B035C9767580}.Release|Any CPU.ActiveCfg = Release|Any CPU
		{74170AE0-C136-4EBE-BC49-B035C9767580}.Release|Any CPU.Build.0 = Release|Any CPU
		{8C8F7B8E-9130-41DC-BEBB-174365EF168F}.Debug|Any CPU.ActiveCfg = Debug|Any CPU
		{8C8F7B8E-9130-41DC-BEBB-174365EF168F}.Debug|Any CPU.Build.0 = Debug|Any CPU
		{8C8F7B8E-9130-41DC-BEBB-174365EF168F}.Release|Any CPU.ActiveCfg = Release|Any CPU
		{8C8F7B8E-9130-41DC-BEBB-174365EF168F}.Release|Any CPU.Build.0 = Release|Any CPU
	EndGlobalSection
	GlobalSection(SolutionProperties) = preSolution
		HideSolutionNode = FALSE
	EndGlobalSection
	GlobalSection(NestedProjects) = preSolution
		{8C8F7B8E-9130-41DC-BEBB-174365EF168F} = {9015A205-0727-4FD0-BA5F-34209BD7C830}
	EndGlobalSection
	GlobalSection(ExtensibilityGlobals) = postSolution
		SolutionGuid = {003245D7-3180-408A-BF30-B26E96834EE6}
	EndGlobalSection
EndGlobal
